
Microsoft Visual Studio Solution File, Format Version 12.00
# Visual Studio Version 17
VisualStudioVersion = 17.13.35825.156 d17.13
MinimumVisualStudioVersion = 10.0.40219.1
Project("{FAE04EC0-301F-11D3-BF4B-00C04F79EFBC}") = "BulkyWeb", "BulkyWeb\BulkyWeb.csproj", "{9FBADF8A-84D9-4F1F-937A-4038F3DF6205}"
EndProject
Global
	GlobalSection(SolutionConfigurationPlatforms) = preSolution
		Debug|Any CPU = Debug|Any CPU
		Release|Any CPU = Release|Any CPU
	EndGlobalSection
	GlobalSection(ProjectConfigurationPlatforms) = postSolution
		{9FBADF8A-84D9-4F1F-937A-4038F3DF6205}.Debug|Any CPU.ActiveCfg = Debug|Any CPU
		{9FBADF8A-84D9-4F1F-937A-4038F3DF6205}.Debug|Any CPU.Build.0 = Debug|Any CPU
		{9FBADF8A-84D9-4F1F-937A-4038F3DF6205}.Release|Any CPU.ActiveCfg = Release|Any CPU
		{9FBADF8A-84D9-4F1F-937A-4038F3DF6205}.Release|Any CPU.Build.0 = Release|Any CPU
	EndGlobalSection
	GlobalSection(SolutionProperties) = preSolution
		HideSolutionNode = FALSE
	EndGlobalSection
	GlobalSection(ExtensibilityGlobals) = postSolution
		SolutionGuid = {CAC05099-60C4-4DFF-B4DB-703FF2BA7439}
	EndGlobalSection
EndGlobal
